
Microsoft Visual Studio Solution File, Format Version 12.00
# Visual Studio 15
VisualStudioVersion = 15.0.26730.12
MinimumVisualStudioVersion = 10.0.40219.1
Project("{FAE04EC0-301F-11D3-BF4B-00C04F79EFBC}") = "ProgramaUno", "ProgramaUno\ProgramaUno.csproj", "{BAC6A6D9-7820-4D33-A982-19FD060F739B}"
EndProject
Global
	GlobalSection(SolutionConfigurationPlatforms) = preSolution
		Debug|Any CPU = Debug|Any CPU
		Release|Any CPU = Release|Any CPU
	EndGlobalSection
	GlobalSection(ProjectConfigurationPlatforms) = postSolution
		{BAC6A6D9-7820-4D33-A982-19FD060F739B}.Debug|Any CPU.ActiveCfg = Debug|Any CPU
		{BAC6A6D9-7820-4D33-A982-19FD060F739B}.Debug|Any CPU.Build.0 = Debug|Any CPU
		{BAC6A6D9-7820-4D33-A982-19FD060F739B}.Release|Any CPU.ActiveCfg = Release|Any CPU
		{BAC6A6D9-7820-4D33-A982-19FD060F739B}.Release|Any CPU.Build.0 = Release|Any CPU
	EndGlobalSection
	GlobalSection(SolutionProperties) = preSolution
		HideSolutionNode = FALSE
	EndGlobalSection
	GlobalSection(ExtensibilityGlobals) = postSolution
		SolutionGuid = {24A8E2D0-728E-4EF5-B825-CB272B50DEF3}
	EndGlobalSection
EndGlobal
