
Microsoft Visual Studio Solution File, Format Version 12.00
# Visual Studio 15
VisualStudioVersion = 15.0.26730.12
MinimumVisualStudioVersion = 10.0.40219.1
Project("{FAE04EC0-301F-11D3-BF4B-00C04F79EFBC}") = "ProgramaOnce", "ProgramaOnce\ProgramaOnce.csproj", "{48B5273A-209B-4F6D-9EFF-28FE6905DF85}"
EndProject
Global
	GlobalSection(SolutionConfigurationPlatforms) = preSolution
		Debug|Any CPU = Debug|Any CPU
		Release|Any CPU = Release|Any CPU
	EndGlobalSection
	GlobalSection(ProjectConfigurationPlatforms) = postSolution
		{48B5273A-209B-4F6D-9EFF-28FE6905DF85}.Debug|Any CPU.ActiveCfg = Debug|Any CPU
		{48B5273A-209B-4F6D-9EFF-28FE6905DF85}.Debug|Any CPU.Build.0 = Debug|Any CPU
		{48B5273A-209B-4F6D-9EFF-28FE6905DF85}.Release|Any CPU.ActiveCfg = Release|Any CPU
		{48B5273A-209B-4F6D-9EFF-28FE6905DF85}.Release|Any CPU.Build.0 = Release|Any CPU
	EndGlobalSection
	GlobalSection(SolutionProperties) = preSolution
		HideSolutionNode = FALSE
	EndGlobalSection
	GlobalSection(ExtensibilityGlobals) = postSolution
		SolutionGuid = {594667AF-9268-4734-B826-C45A1EEB839A}
	EndGlobalSection
EndGlobal
